// !$*UTF8*$!
{
	archiveVersion = 1;
	classes = {
	};
	objectVersion = 48;
	objects = {

/* Begin PBXBuildFile section */
		8126E0E38718A648875EEDBC /* Pods_SwiftOlymp.framework in Frameworks */ = {isa = PBXBuildFile; fileRef = 76A5EC99039A066AD4AF3EC9 /* Pods_SwiftOlymp.framework */; };
		A42D4EB21FAF481100877BD1 /* LocalizationExtensions.swift in Sources */ = {isa = PBXBuildFile; fileRef = A42D4EB11FAF481100877BD1 /* LocalizationExtensions.swift */; };
		A42D4ED61FAF486300877BD1 /* Localizable.strings in Resources */ = {isa = PBXBuildFile; fileRef = A42D4ED81FAF486300877BD1 /* Localizable.strings */; };
		A4A202231FA9B5F9001F0D9C /* Queues.swift in Sources */ = {isa = PBXBuildFile; fileRef = A4A2021E1FA9B5F9001F0D9C /* Queues.swift */; };
		A4A202241FA9B5F9001F0D9C /* ViewController.swift in Sources */ = {isa = PBXBuildFile; fileRef = A4A2021F1FA9B5F9001F0D9C /* ViewController.swift */; };
		A4A202251FA9B5F9001F0D9C /* Image.swift in Sources */ = {isa = PBXBuildFile; fileRef = A4A202201FA9B5F9001F0D9C /* Image.swift */; };
		A4A202261FA9B5F9001F0D9C /* Timer.swift in Sources */ = {isa = PBXBuildFile; fileRef = A4A202211FA9B5F9001F0D9C /* Timer.swift */; };
		A4A2022A1FA9B668001F0D9C /* UserDefaults.swift in Sources */ = {isa = PBXBuildFile; fileRef = A4A202291FA9B668001F0D9C /* UserDefaults.swift */; };
		A4A2022C1FA9B72B001F0D9C /* CoreDataManager.swift in Sources */ = {isa = PBXBuildFile; fileRef = A4A2022B1FA9B72B001F0D9C /* CoreDataManager.swift */; };
		A4D764831F9A7514003B3248 /* AppDelegate.swift in Sources */ = {isa = PBXBuildFile; fileRef = A4D764821F9A7514003B3248 /* AppDelegate.swift */; };
		A4D764881F9A7514003B3248 /* Main.storyboard in Resources */ = {isa = PBXBuildFile; fileRef = A4D764861F9A7514003B3248 /* Main.storyboard */; };
		A4D7648B1F9A7514003B3248 /* SwiftOlymp.xcdatamodeld in Sources */ = {isa = PBXBuildFile; fileRef = A4D764891F9A7514003B3248 /* SwiftOlymp.xcdatamodeld */; };
		A4D7648D1F9A7514003B3248 /* Assets.xcassets in Resources */ = {isa = PBXBuildFile; fileRef = A4D7648C1F9A7514003B3248 /* Assets.xcassets */; };
		A4D764901F9A7514003B3248 /* LaunchScreen.storyboard in Resources */ = {isa = PBXBuildFile; fileRef = A4D7648E1F9A7514003B3248 /* LaunchScreen.storyboard */; };
/* End PBXBuildFile section */

/* Begin PBXFileReference section */
		328BBE5285A0A27C0E92D377 /* Pods-SwiftOlymp.debug.xcconfig */ = {isa = PBXFileReference; includeInIndex = 1; lastKnownFileType = text.xcconfig; name = "Pods-SwiftOlymp.debug.xcconfig"; path = "Pods/Target Support Files/Pods-SwiftOlymp/Pods-SwiftOlymp.debug.xcconfig"; sourceTree = "<group>"; };
		7629ABCB7DCC06E12C1009BB /* Pods-SwiftOlymp.release.xcconfig */ = {isa = PBXFileReference; includeInIndex = 1; lastKnownFileType = text.xcconfig; name = "Pods-SwiftOlymp.release.xcconfig"; path = "Pods/Target Support Files/Pods-SwiftOlymp/Pods-SwiftOlymp.release.xcconfig"; sourceTree = "<group>"; };
		76A5EC99039A066AD4AF3EC9 /* Pods_SwiftOlymp.framework */ = {isa = PBXFileReference; explicitFileType = wrapper.framework; includeInIndex = 0; path = Pods_SwiftOlymp.framework; sourceTree = BUILT_PRODUCTS_DIR; };
		A42D4EB11FAF481100877BD1 /* LocalizationExtensions.swift */ = {isa = PBXFileReference; fileEncoding = 4; lastKnownFileType = sourcecode.swift; path = LocalizationExtensions.swift; sourceTree = "<group>"; };
		A42D4ED71FAF486300877BD1 /* en */ = {isa = PBXFileReference; lastKnownFileType = text.plist.strings; name = en; path = en.lproj/Localizable.strings; sourceTree = "<group>"; };
		A42D4ED91FAF486500877BD1 /* ru */ = {isa = PBXFileReference; lastKnownFileType = text.plist.strings; name = ru; path = ru.lproj/Localizable.strings; sourceTree = "<group>"; };
		A4A2021E1FA9B5F9001F0D9C /* Queues.swift */ = {isa = PBXFileReference; fileEncoding = 4; lastKnownFileType = sourcecode.swift; path = Queues.swift; sourceTree = "<group>"; };
		A4A2021F1FA9B5F9001F0D9C /* ViewController.swift */ = {isa = PBXFileReference; fileEncoding = 4; lastKnownFileType = sourcecode.swift; path = ViewController.swift; sourceTree = "<group>"; };
		A4A202201FA9B5F9001F0D9C /* Image.swift */ = {isa = PBXFileReference; fileEncoding = 4; lastKnownFileType = sourcecode.swift; path = Image.swift; sourceTree = "<group>"; };
		A4A202211FA9B5F9001F0D9C /* Timer.swift */ = {isa = PBXFileReference; fileEncoding = 4; lastKnownFileType = sourcecode.swift; path = Timer.swift; sourceTree = "<group>"; };
		A4A202291FA9B668001F0D9C /* UserDefaults.swift */ = {isa = PBXFileReference; fileEncoding = 4; lastKnownFileType = sourcecode.swift; path = UserDefaults.swift; sourceTree = "<group>"; };
		A4A2022B1FA9B72B001F0D9C /* CoreDataManager.swift */ = {isa = PBXFileReference; fileEncoding = 4; lastKnownFileType = sourcecode.swift; path = CoreDataManager.swift; sourceTree = "<group>"; };
		A4D7647F1F9A7514003B3248 /* SwiftOlymp.app */ = {isa = PBXFileReference; explicitFileType = wrapper.application; includeInIndex = 0; path = SwiftOlymp.app; sourceTree = BUILT_PRODUCTS_DIR; };
		A4D764821F9A7514003B3248 /* AppDelegate.swift */ = {isa = PBXFileReference; lastKnownFileType = sourcecode.swift; path = AppDelegate.swift; sourceTree = "<group>"; };
		A4D764871F9A7514003B3248 /* Base */ = {isa = PBXFileReference; lastKnownFileType = file.storyboard; name = Base; path = Base.lproj/Main.storyboard; sourceTree = "<group>"; };
		A4D7648A1F9A7514003B3248 /* SwiftOlymp.xcdatamodel */ = {isa = PBXFileReference; lastKnownFileType = wrapper.xcdatamodel; path = SwiftOlymp.xcdatamodel; sourceTree = "<group>"; };
		A4D7648C1F9A7514003B3248 /* Assets.xcassets */ = {isa = PBXFileReference; lastKnownFileType = folder.assetcatalog; path = Assets.xcassets; sourceTree = "<group>"; };
		A4D7648F1F9A7514003B3248 /* Base */ = {isa = PBXFileReference; lastKnownFileType = file.storyboard; name = Base; path = Base.lproj/LaunchScreen.storyboard; sourceTree = "<group>"; };
		A4D764911F9A7514003B3248 /* Info.plist */ = {isa = PBXFileReference; lastKnownFileType = text.plist.xml; path = Info.plist; sourceTree = "<group>"; };
/* End PBXFileReference section */

/* Begin PBXFrameworksBuildPhase section */
		A4D7647C1F9A7514003B3248 /* Frameworks */ = {
			isa = PBXFrameworksBuildPhase;
			buildActionMask = 2147483647;
			files = (
				8126E0E38718A648875EEDBC /* Pods_SwiftOlymp.framework in Frameworks */,
			);
			runOnlyForDeploymentPostprocessing = 0;
		};
/* End PBXFrameworksBuildPhase section */

/* Begin PBXGroup section */
		0A4E9D4E32F547944E8C82B1 /* Pods */ = {
			isa = PBXGroup;
			children = (
				328BBE5285A0A27C0E92D377 /* Pods-SwiftOlymp.debug.xcconfig */,
				7629ABCB7DCC06E12C1009BB /* Pods-SwiftOlymp.release.xcconfig */,
			);
			name = Pods;
			sourceTree = "<group>";
		};
		A4A202181FA9B571001F0D9C /* Core */ = {
			isa = PBXGroup;
			children = (
				A4A202281FA9B61C001F0D9C /* Utils */,
				A4A202271FA9B617001F0D9C /* Ext */,
			);
			name = Core;
			sourceTree = "<group>";
		};
		A4A202191FA9B580001F0D9C /* Application */ = {
			isa = PBXGroup;
			children = (
				A42D4ED81FAF486300877BD1 /* Localizable.strings */,
				A4D764821F9A7514003B3248 /* AppDelegate.swift */,
				A4D7648E1F9A7514003B3248 /* LaunchScreen.storyboard */,
				A4D764911F9A7514003B3248 /* Info.plist */,
			);
			name = Application;
			sourceTree = "<group>";
		};
		A4A2021A1FA9B58C001F0D9C /* Resources */ = {
			isa = PBXGroup;
			children = (
				A4D764861F9A7514003B3248 /* Main.storyboard */,
				A4D7648C1F9A7514003B3248 /* Assets.xcassets */,
			);
			name = Resources;
			sourceTree = "<group>";
		};
		A4A2021B1FA9B598001F0D9C /* Model */ = {
			isa = PBXGroup;
			children = (
				A4D764891F9A7514003B3248 /* SwiftOlymp.xcdatamodeld */,
			);
			name = Model;
			sourceTree = "<group>";
		};
		A4A2021C1FA9B59F001F0D9C /* Controllers */ = {
			isa = PBXGroup;
			children = (
			);
			name = Controllers;
			sourceTree = "<group>";
		};
		A4A202271FA9B617001F0D9C /* Ext */ = {
			isa = PBXGroup;
			children = (
				A42D4EB11FAF481100877BD1 /* LocalizationExtensions.swift */,
				A4A202291FA9B668001F0D9C /* UserDefaults.swift */,
				A4A202201FA9B5F9001F0D9C /* Image.swift */,
				A4A2021F1FA9B5F9001F0D9C /* ViewController.swift */,
			);
			name = Ext;
			sourceTree = "<group>";
		};
		A4A202281FA9B61C001F0D9C /* Utils */ = {
			isa = PBXGroup;
			children = (
				A4A2022B1FA9B72B001F0D9C /* CoreDataManager.swift */,
				A4A2021E1FA9B5F9001F0D9C /* Queues.swift */,
				A4A202211FA9B5F9001F0D9C /* Timer.swift */,
			);
			name = Utils;
			sourceTree = "<group>";
		};
		A4D764761F9A7514003B3248 = {
			isa = PBXGroup;
			children = (
				A4D764811F9A7514003B3248 /* SwiftOlymp */,
				A4D764801F9A7514003B3248 /* Products */,
				0A4E9D4E32F547944E8C82B1 /* Pods */,
				BA1F8FDAA0397E87FD5445BB /* Frameworks */,
			);
			sourceTree = "<group>";
		};
		A4D764801F9A7514003B3248 /* Products */ = {
			isa = PBXGroup;
			children = (
				A4D7647F1F9A7514003B3248 /* SwiftOlymp.app */,
			);
			name = Products;
			sourceTree = "<group>";
		};
		A4D764811F9A7514003B3248 /* SwiftOlymp */ = {
			isa = PBXGroup;
			children = (
				A4A202191FA9B580001F0D9C /* Application */,
				A4A202181FA9B571001F0D9C /* Core */,
				A4A2021A1FA9B58C001F0D9C /* Resources */,
				A4A2021C1FA9B59F001F0D9C /* Controllers */,
				A4A2021B1FA9B598001F0D9C /* Model */,
			);
			path = SwiftOlymp;
			sourceTree = "<group>";
		};
		BA1F8FDAA0397E87FD5445BB /* Frameworks */ = {
			isa = PBXGroup;
			children = (
				76A5EC99039A066AD4AF3EC9 /* Pods_SwiftOlymp.framework */,
			);
			name = Frameworks;
			sourceTree = "<group>";
		};
/* End PBXGroup section */

/* Begin PBXNativeTarget section */
		A4D7647E1F9A7514003B3248 /* SwiftOlymp */ = {
			isa = PBXNativeTarget;
			buildConfigurationList = A4D764941F9A7514003B3248 /* Build configuration list for PBXNativeTarget "SwiftOlymp" */;
			buildPhases = (
				572EF2469F6410B45F6EF42B /* [CP] Check Pods Manifest.lock */,
				A4D7647B1F9A7514003B3248 /* Sources */,
				A4D7647C1F9A7514003B3248 /* Frameworks */,
				A4D7647D1F9A7514003B3248 /* Resources */,
				5429389F1CDEDCD8025D3DAD /* [CP] Embed Pods Frameworks */,
				BCA8BE95FD38D2341E60EFE0 /* [CP] Copy Pods Resources */,
			);
			buildRules = (
			);
			dependencies = (
			);
			name = SwiftOlymp;
			productName = SwiftOlymp;
			productReference = A4D7647F1F9A7514003B3248 /* SwiftOlymp.app */;
			productType = "com.apple.product-type.application";
		};
/* End PBXNativeTarget section */

/* Begin PBXProject section */
		A4D764771F9A7514003B3248 /* Project object */ = {
			isa = PBXProject;
			attributes = {
				LastSwiftUpdateCheck = 0900;
				LastUpgradeCheck = 0900;
				ORGANIZATIONNAME = "Andrey Torlopov";
				TargetAttributes = {
					A4D7647E1F9A7514003B3248 = {
						CreatedOnToolsVersion = 9.0;
						ProvisioningStyle = Automatic;
					};
				};
			};
			buildConfigurationList = A4D7647A1F9A7514003B3248 /* Build configuration list for PBXProject "SwiftOlymp" */;
			compatibilityVersion = "Xcode 8.0";
			developmentRegion = en;
			hasScannedForEncodings = 0;
			knownRegions = (
				en,
				Base,
				ru,
			);
			mainGroup = A4D764761F9A7514003B3248;
			productRefGroup = A4D764801F9A7514003B3248 /* Products */;
			projectDirPath = "";
			projectRoot = "";
			targets = (
				A4D7647E1F9A7514003B3248 /* SwiftOlymp */,
			);
		};
/* End PBXProject section */

/* Begin PBXResourcesBuildPhase section */
		A4D7647D1F9A7514003B3248 /* Resources */ = {
			isa = PBXResourcesBuildPhase;
			buildActionMask = 2147483647;
			files = (
				A4D764901F9A7514003B3248 /* LaunchScreen.storyboard in Resources */,
				A42D4ED61FAF486300877BD1 /* Localizable.strings in Resources */,
				A4D7648D1F9A7514003B3248 /* Assets.xcassets in Resources */,
				A4D764881F9A7514003B3248 /* Main.storyboard in Resources */,
			);
			runOnlyForDeploymentPostprocessing = 0;
		};
/* End PBXResourcesBuildPhase section */

/* Begin PBXShellScriptBuildPhase section */
		5429389F1CDEDCD8025D3DAD /* [CP] Embed Pods Frameworks */ = {
			isa = PBXShellScriptBuildPhase;
			buildActionMask = 2147483647;
			files = (
			);
			inputPaths = (
				"${SRCROOT}/Pods/Target Support Files/Pods-SwiftOlymp/Pods-SwiftOlymp-frameworks.sh",
				"${BUILT_PRODUCTS_DIR}/Alamofire/Alamofire.framework",
				"${BUILT_PRODUCTS_DIR}/AlamofireImage/AlamofireImage.framework",
				"${BUILT_PRODUCTS_DIR}/AlamofireObjectMapper/AlamofireObjectMapper.framework",
				"${BUILT_PRODUCTS_DIR}/DynamicColor/DynamicColor.framework",
				"${BUILT_PRODUCTS_DIR}/ObjectMapper/ObjectMapper.framework",
				"${BUILT_PRODUCTS_DIR}/Realm/Realm.framework",
				"${BUILT_PRODUCTS_DIR}/RealmSwift/RealmSwift.framework",
				"${BUILT_PRODUCTS_DIR}/SVProgressHUD/SVProgressHUD.framework",
			);
			name = "[CP] Embed Pods Frameworks";
			outputPaths = (
				"${TARGET_BUILD_DIR}/${FRAMEWORKS_FOLDER_PATH}/Alamofire.framework",
				"${TARGET_BUILD_DIR}/${FRAMEWORKS_FOLDER_PATH}/AlamofireImage.framework",
				"${TARGET_BUILD_DIR}/${FRAMEWORKS_FOLDER_PATH}/AlamofireObjectMapper.framework",
				"${TARGET_BUILD_DIR}/${FRAMEWORKS_FOLDER_PATH}/DynamicColor.framework",
				"${TARGET_BUILD_DIR}/${FRAMEWORKS_FOLDER_PATH}/ObjectMapper.framework",
				"${TARGET_BUILD_DIR}/${FRAMEWORKS_FOLDER_PATH}/Realm.framework",
				"${TARGET_BUILD_DIR}/${FRAMEWORKS_FOLDER_PATH}/RealmSwift.framework",
				"${TARGET_BUILD_DIR}/${FRAMEWORKS_FOLDER_PATH}/SVProgressHUD.framework",
			);
			runOnlyForDeploymentPostprocessing = 0;
			shellPath = /bin/sh;
			shellScript = "\"${SRCROOT}/Pods/Target Support Files/Pods-SwiftOlymp/Pods-SwiftOlymp-frameworks.sh\"\n";
			showEnvVarsInLog = 0;
		};
		572EF2469F6410B45F6EF42B /* [CP] Check Pods Manifest.lock */ = {
			isa = PBXShellScriptBuildPhase;
			buildActionMask = 2147483647;
			files = (
			);
			inputPaths = (
				"${PODS_PODFILE_DIR_PATH}/Podfile.lock",
				"${PODS_ROOT}/Manifest.lock",
			);
			name = "[CP] Check Pods Manifest.lock";
			outputPaths = (
				"$(DERIVED_FILE_DIR)/Pods-SwiftOlymp-checkManifestLockResult.txt",
			);
			runOnlyForDeploymentPostprocessing = 0;
			shellPath = /bin/sh;
			shellScript = "diff \"${PODS_PODFILE_DIR_PATH}/Podfile.lock\" \"${PODS_ROOT}/Manifest.lock\" > /dev/null\nif [ $? != 0 ] ; then\n    # print error to STDERR\n    echo \"error: The sandbox is not in sync with the Podfile.lock. Run 'pod install' or update your CocoaPods installation.\" >&2\n    exit 1\nfi\n# This output is used by Xcode 'outputs' to avoid re-running this script phase.\necho \"SUCCESS\" > \"${SCRIPT_OUTPUT_FILE_0}\"\n";
			showEnvVarsInLog = 0;
		};
		BCA8BE95FD38D2341E60EFE0 /* [CP] Copy Pods Resources */ = {
			isa = PBXShellScriptBuildPhase;
			buildActionMask = 2147483647;
			files = (
			);
			inputPaths = (
			);
			name = "[CP] Copy Pods Resources";
			outputPaths = (
			);
			runOnlyForDeploymentPostprocessing = 0;
			shellPath = /bin/sh;
			shellScript = "\"${SRCROOT}/Pods/Target Support Files/Pods-SwiftOlymp/Pods-SwiftOlymp-resources.sh\"\n";
			showEnvVarsInLog = 0;
		};
/* End PBXShellScriptBuildPhase section */

/* Begin PBXSourcesBuildPhase section */
		A4D7647B1F9A7514003B3248 /* Sources */ = {
			isa = PBXSourcesBuildPhase;
			buildActionMask = 2147483647;
			files = (
				A4A202241FA9B5F9001F0D9C /* ViewController.swift in Sources */,
				A4A202251FA9B5F9001F0D9C /* Image.swift in Sources */,
				A4A202261FA9B5F9001F0D9C /* Timer.swift in Sources */,
				A4D764831F9A7514003B3248 /* AppDelegate.swift in Sources */,
				A4D7648B1F9A7514003B3248 /* SwiftOlymp.xcdatamodeld in Sources */,
				A4A2022A1FA9B668001F0D9C /* UserDefaults.swift in Sources */,
				A4A2022C1FA9B72B001F0D9C /* CoreDataManager.swift in Sources */,
				A42D4EB21FAF481100877BD1 /* LocalizationExtensions.swift in Sources */,
				A4A202231FA9B5F9001F0D9C /* Queues.swift in Sources */,
			);
			runOnlyForDeploymentPostprocessing = 0;
		};
/* End PBXSourcesBuildPhase section */

/* Begin PBXVariantGroup section */
		A42D4ED81FAF486300877BD1 /* Localizable.strings */ = {
			isa = PBXVariantGroup;
			children = (
				A42D4ED71FAF486300877BD1 /* en */,
				A42D4ED91FAF486500877BD1 /* ru */,
			);
			name = Localizable.strings;
			sourceTree = "<group>";
		};
		A4D764861F9A7514003B3248 /* Main.storyboard */ = {
			isa = PBXVariantGroup;
			children = (
				A4D764871F9A7514003B3248 /* Base */,
			);
			name = Main.storyboard;
			sourceTree = "<group>";
		};
		A4D7648E1F9A7514003B3248 /* LaunchScreen.storyboard */ = {
			isa = PBXVariantGroup;
			children = (
				A4D7648F1F9A7514003B3248 /* Base */,
			);
			name = LaunchScreen.storyboard;
			sourceTree = "<group>";
		};
/* End PBXVariantGroup section */

/* Begin XCBuildConfiguration section */
		A4D764921F9A7514003B3248 /* Debug */ = {
			isa = XCBuildConfiguration;
			buildSettings = {
				ALWAYS_SEARCH_USER_PATHS = NO;
				CLANG_ANALYZER_LOCALIZABILITY_NONLOCALIZED = YES;
				CLANG_ANALYZER_NONNULL = YES;
				CLANG_ANALYZER_NUMBER_OBJECT_CONVERSION = YES_AGGRESSIVE;
				CLANG_CXX_LANGUAGE_STANDARD = "gnu++14";
				CLANG_CXX_LIBRARY = "libc++";
				CLANG_ENABLE_MODULES = YES;
				CLANG_ENABLE_OBJC_ARC = YES;
				CLANG_WARN_BLOCK_CAPTURE_AUTORELEASING = YES;
				CLANG_WARN_BOOL_CONVERSION = YES;
				CLANG_WARN_COMMA = YES;
				CLANG_WARN_CONSTANT_CONVERSION = YES;
				CLANG_WARN_DIRECT_OBJC_ISA_USAGE = YES_ERROR;
				CLANG_WARN_DOCUMENTATION_COMMENTS = YES;
				CLANG_WARN_EMPTY_BODY = YES;
				CLANG_WARN_ENUM_CONVERSION = YES;
				CLANG_WARN_INFINITE_RECURSION = YES;
				CLANG_WARN_INT_CONVERSION = YES;
				CLANG_WARN_NON_LITERAL_NULL_CONVERSION = YES;
				CLANG_WARN_OBJC_LITERAL_CONVERSION = YES;
				CLANG_WARN_OBJC_ROOT_CLASS = YES_ERROR;
				CLANG_WARN_RANGE_LOOP_ANALYSIS = YES;
				CLANG_WARN_STRICT_PROTOTYPES = YES;
				CLANG_WARN_SUSPICIOUS_MOVE = YES;
				CLANG_WARN_UNGUARDED_AVAILABILITY = YES_AGGRESSIVE;
				CLANG_WARN_UNREACHABLE_CODE = YES;
				CLANG_WARN__DUPLICATE_METHOD_MATCH = YES;
				CODE_SIGN_IDENTITY = "iPhone Developer";
				COPY_PHASE_STRIP = NO;
				DEBUG_INFORMATION_FORMAT = dwarf;
				ENABLE_STRICT_OBJC_MSGSEND = YES;
				ENABLE_TESTABILITY = YES;
				GCC_C_LANGUAGE_STANDARD = gnu11;
				GCC_DYNAMIC_NO_PIC = NO;
				GCC_NO_COMMON_BLOCKS = YES;
				GCC_OPTIMIZATION_LEVEL = 0;
				GCC_PREPROCESSOR_DEFINITIONS = (
					"DEBUG=1",
					"$(inherited)",
				);
				GCC_WARN_64_TO_32_BIT_CONVERSION = YES;
				GCC_WARN_ABOUT_RETURN_TYPE = YES_ERROR;
				GCC_WARN_UNDECLARED_SELECTOR = YES;
				GCC_WARN_UNINITIALIZED_AUTOS = YES_AGGRESSIVE;
				GCC_WARN_UNUSED_FUNCTION = YES;
				GCC_WARN_UNUSED_VARIABLE = YES;
				IPHONEOS_DEPLOYMENT_TARGET = 11.0;
				MTL_ENABLE_DEBUG_INFO = YES;
				ONLY_ACTIVE_ARCH = YES;
				SDKROOT = iphoneos;
				SWIFT_ACTIVE_COMPILATION_CONDITIONS = DEBUG;
				SWIFT_OPTIMIZATION_LEVEL = "-Onone";
			};
			name = Debug;
		};
		A4D764931F9A7514003B3248 /* Release */ = {
			isa = XCBuildConfiguration;
			buildSettings = {
				ALWAYS_SEARCH_USER_PATHS = NO;
				CLANG_ANALYZER_LOCALIZABILITY_NONLOCALIZED = YES;
				CLANG_ANALYZER_NONNULL = YES;
				CLANG_ANALYZER_NUMBER_OBJECT_CONVERSION = YES_AGGRESSIVE;
				CLANG_CXX_LANGUAGE_STANDARD = "gnu++14";
				CLANG_CXX_LIBRARY = "libc++";
				CLANG_ENABLE_MODULES = YES;
				CLANG_ENABLE_OBJC_ARC = YES;
				CLANG_WARN_BLOCK_CAPTURE_AUTORELEASING = YES;
				CLANG_WARN_BOOL_CONVERSION = YES;
				CLANG_WARN_COMMA = YES;
				CLANG_WARN_CONSTANT_CONVERSION = YES;
				CLANG_WARN_DIRECT_OBJC_ISA_USAGE = YES_ERROR;
				CLANG_WARN_DOCUMENTATION_COMMENTS = YES;
				CLANG_WARN_EMPTY_BODY = YES;
				CLANG_WARN_ENUM_CONVERSION = YES;
				CLANG_WARN_INFINITE_RECURSION = YES;
				CLANG_WARN_INT_CONVERSION = YES;
				CLANG_WARN_NON_LITERAL_NULL_CONVERSION = YES;
				CLANG_WARN_OBJC_LITERAL_CONVERSION = YES;
				CLANG_WARN_OBJC_ROOT_CLASS = YES_ERROR;
				CLANG_WARN_RANGE_LOOP_ANALYSIS = YES;
				CLANG_WARN_STRICT_PROTOTYPES = YES;
				CLANG_WARN_SUSPICIOUS_MOVE = YES;
				CLANG_WARN_UNGUARDED_AVAILABILITY = YES_AGGRESSIVE;
				CLANG_WARN_UNREACHABLE_CODE = YES;
				CLANG_WARN__DUPLICATE_METHOD_MATCH = YES;
				CODE_SIGN_IDENTITY = "iPhone Developer";
				COPY_PHASE_STRIP = NO;
				DEBUG_INFORMATION_FORMAT = "dwarf-with-dsym";
				ENABLE_NS_ASSERTIONS = NO;
				ENABLE_STRICT_OBJC_MSGSEND = YES;
				GCC_C_LANGUAGE_STANDARD = gnu11;
				GCC_NO_COMMON_BLOCKS = YES;
				GCC_WARN_64_TO_32_BIT_CONVERSION = YES;
				GCC_WARN_ABOUT_RETURN_TYPE = YES_ERROR;
				GCC_WARN_UNDECLARED_SELECTOR = YES;
				GCC_WARN_UNINITIALIZED_AUTOS = YES_AGGRESSIVE;
				GCC_WARN_UNUSED_FUNCTION = YES;
				GCC_WARN_UNUSED_VARIABLE = YES;
				IPHONEOS_DEPLOYMENT_TARGET = 11.0;
				MTL_ENABLE_DEBUG_INFO = NO;
				SDKROOT = iphoneos;
				SWIFT_OPTIMIZATION_LEVEL = "-Owholemodule";
				VALIDATE_PRODUCT = YES;
			};
			name = Release;
		};
		A4D764951F9A7514003B3248 /* Debug */ = {
			isa = XCBuildConfiguration;
			baseConfigurationReference = 328BBE5285A0A27C0E92D377 /* Pods-SwiftOlymp.debug.xcconfig */;
			buildSettings = {
				ASSETCATALOG_COMPILER_APPICON_NAME = AppIcon;
				CODE_SIGN_STYLE = Automatic;
				INFOPLIST_FILE = SwiftOlymp/Info.plist;
				LD_RUNPATH_SEARCH_PATHS = "$(inherited) @executable_path/Frameworks";
				PRODUCT_BUNDLE_IDENTIFIER = none.SwiftOlymp;
				PRODUCT_NAME = "$(TARGET_NAME)";
				SWIFT_VERSION = 4.0;
				TARGETED_DEVICE_FAMILY = "1,2";
			};
			name = Debug;
		};
		A4D764961F9A7514003B3248 /* Release */ = {
			isa = XCBuildConfiguration;
			baseConfigurationReference = 7629ABCB7DCC06E12C1009BB /* Pods-SwiftOlymp.release.xcconfig */;
			buildSettings = {
				ASSETCATALOG_COMPILER_APPICON_NAME = AppIcon;
				CODE_SIGN_STYLE = Automatic;
				INFOPLIST_FILE = SwiftOlymp/Info.plist;
				LD_RUNPATH_SEARCH_PATHS = "$(inherited) @executable_path/Frameworks";
				PRODUCT_BUNDLE_IDENTIFIER = none.SwiftOlymp;
				PRODUCT_NAME = "$(TARGET_NAME)";
				SWIFT_VERSION = 4.0;
				TARGETED_DEVICE_FAMILY = "1,2";
			};
			name = Release;
		};
/* End XCBuildConfiguration section */

/* Begin XCConfigurationList section */
		A4D7647A1F9A7514003B3248 /* Build configuration list for PBXProject "SwiftOlymp" */ = {
			isa = XCConfigurationList;
			buildConfigurations = (
				A4D764921F9A7514003B3248 /* Debug */,
				A4D764931F9A7514003B3248 /* Release */,
			);
			defaultConfigurationIsVisible = 0;
			defaultConfigurationName = Release;
		};
		A4D764941F9A7514003B3248 /* Build configuration list for PBXNativeTarget "SwiftOlymp" */ = {
			isa = XCConfigurationList;
			buildConfigurations = (
				A4D764951F9A7514003B3248 /* Debug */,
				A4D764961F9A7514003B3248 /* Release */,
			);
			defaultConfigurationIsVisible = 0;
			defaultConfigurationName = Release;
		};
/* End XCConfigurationList section */

/* Begin XCVersionGroup section */
		A4D764891F9A7514003B3248 /* SwiftOlymp.xcdatamodeld */ = {
			isa = XCVersionGroup;
			children = (
				A4D7648A1F9A7514003B3248 /* SwiftOlymp.xcdatamodel */,
			);
			currentVersion = A4D7648A1F9A7514003B3248 /* SwiftOlymp.xcdatamodel */;
			path = SwiftOlymp.xcdatamodeld;
			sourceTree = "<group>";
			versionGroupType = wrapper.xcdatamodel;
		};
/* End XCVersionGroup section */
	};
	rootObject = A4D764771F9A7514003B3248 /* Project object */;
}
